
Microsoft Visual Studio Solution File, Format Version 12.00
# Visual Studio Version 16
VisualStudioVersion = 16.0.31205.134
MinimumVisualStudioVersion = 10.0.40219.1
Project("{FAE04EC0-301F-11D3-BF4B-00C04F79EFBC}") = "SpidersNestNetCore", "SpidersNestNetCore.csproj", "{A07CCFE5-3FD4-4631-B16B-C89ACF5D1A68}"
EndProject
Global
	GlobalSection(SolutionConfigurationPlatforms) = preSolution
		Debug|Any CPU = Debug|Any CPU
		Release|Any CPU = Release|Any CPU
	EndGlobalSection
	GlobalSection(ProjectConfigurationPlatforms) = postSolution
		{A07CCFE5-3FD4-4631-B16B-C89ACF5D1A68}.Debug|Any CPU.ActiveCfg = Debug|Any CPU
		{A07CCFE5-3FD4-4631-B16B-C89ACF5D1A68}.Debug|Any CPU.Build.0 = Debug|Any CPU
		{A07CCFE5-3FD4-4631-B16B-C89ACF5D1A68}.Release|Any CPU.ActiveCfg = Release|Any CPU
		{A07CCFE5-3FD4-4631-B16B-C89ACF5D1A68}.Release|Any CPU.Build.0 = Release|Any CPU
	EndGlobalSection
	GlobalSection(SolutionProperties) = preSolution
		HideSolutionNode = FALSE
	EndGlobalSection
	GlobalSection(ExtensibilityGlobals) = postSolution
		SolutionGuid = {3A5A6D9D-F925-4A93-94C7-F6FA02554358}
	EndGlobalSection
EndGlobal
